{
  "version": 4,
  "terraform_version": "1.0.2",
  "serial": 34,
  "lineage": "1099fe95-cbee-c82e-8407-f16fbb4a409d",
  "outputs": {},
  "resources": [
    {
      "mode": "managed",
      "type": "aws_dlm_lifecycle_policy",
      "name": "dlm_lifecycle",
      "provider": "provider[\"registry.terraform.io/hashicorp/aws\"]",
      "instances": [
        {
          "schema_version": 0,
          "attributes": {
            "arn": "arn:aws:dlm:us-east-1:795740913251:policy/policy-0f7083fa883a06f80",
            "description": "sudoku",
            "execution_role_arn": "arn:aws:iam::795740913251:role/sudoku",
            "id": "policy-0f7083fa883a06f80",
            "policy_details": [
              {
                "resource_types": [
                  "VOLUME"
                ],
                "schedule": [
                  {
                    "copy_tags": true,
                    "create_rule": [
                      {
                        "interval": 24,
                        "interval_unit": "HOURS",
                        "times": [
                          "23:45"
                        ]
                      }
                    ],
                    "name": "2 weeks of daily snapshots",
                    "retain_rule": [
                      {
                        "count": 14
                      }
                    ],
                    "tags_to_add": {
                      "SnapshotCreator": "DLM"
                    }
                  }
                ],
                "target_tags": {
                  "Name": "sudoku"
                }
              }
            ],
            "state": "ENABLED",
            "tags": {},
            "tags_all": {
              "automation": "terraform",
              "automation.config": "sudoku/terraform"
            }
          },
          "sensitive_attributes": [],
          "private": "bnVsbA==",
          "dependencies": [
            "aws_iam_role.dlm_lifecycle"
          ]
        }
      ]
    },
    {
      "mode": "managed",
      "type": "aws_eip",
      "name": "sudoku_ip",
      "provider": "provider[\"registry.terraform.io/hashicorp/aws\"]",
      "instances": [
        {
          "schema_version": 0,
          "attributes": {
            "address": null,
            "allocation_id": null,
            "associate_with_private_ip": null,
            "association_id": "eipassoc-0612ccf9eed0b3071",
            "carrier_ip": "",
            "customer_owned_ip": "",
            "customer_owned_ipv4_pool": "",
            "domain": "vpc",
            "id": "eipalloc-04b6d1919c655fd4f",
            "instance": "i-00267d2d2418ccd3c",
            "network_border_group": "us-east-1",
            "network_interface": "eni-06f5127efef0b38b0",
            "private_dns": "ip-10-0-6-212.ec2.internal",
            "private_ip": "10.0.6.212",
            "public_dns": "ec2-34-200-172-111.compute-1.amazonaws.com",
            "public_ip": "34.200.172.111",
            "public_ipv4_pool": "amazon",
            "tags": {},
            "tags_all": {
              "automation": "terraform",
              "automation.config": "sudoku/terraform"
            },
            "timeouts": null,
            "vpc": true
          },
          "sensitive_attributes": [],
          "private": "eyJlMmJmYjczMC1lY2FhLTExZTYtOGY4OC0zNDM2M2JjN2M0YzAiOnsiZGVsZXRlIjoxODAwMDAwMDAwMDAsInJlYWQiOjkwMDAwMDAwMDAwMCwidXBkYXRlIjozMDAwMDAwMDAwMDB9fQ=="
        }
      ]
    },
    {
      "mode": "managed",
      "type": "aws_eip_association",
      "name": "sudoku_ip",
      "provider": "provider[\"registry.terraform.io/hashicorp/aws\"]",
      "instances": [
        {
          "schema_version": 0,
          "attributes": {
            "allocation_id": "eipalloc-04b6d1919c655fd4f",
            "allow_reassociation": null,
            "id": "eipassoc-0612ccf9eed0b3071",
            "instance_id": "i-00267d2d2418ccd3c",
            "network_interface_id": "eni-06f5127efef0b38b0",
            "private_ip_address": "10.0.6.212",
            "public_ip": "34.200.172.111"
          },
          "sensitive_attributes": [],
          "private": "bnVsbA==",
          "dependencies": [
            "module.vpc.aws_vpc_ipv4_cidr_block_association.this",
            "aws_eip.sudoku_ip",
            "aws_instance.sudoku",
            "aws_security_group.sg_sudoku",
            "module.vpc.aws_subnet.public",
            "module.vpc.aws_vpc.this"
          ]
        }
      ]
    },
    {
      "mode": "managed",
      "type": "aws_iam_role",
      "name": "dlm_lifecycle",
      "provider": "provider[\"registry.terraform.io/hashicorp/aws\"]",
      "instances": [
        {
          "schema_version": 0,
          "attributes": {
            "arn": "arn:aws:iam::795740913251:role/sudoku",
            "assume_role_policy": "{\"Version\":\"2012-10-17\",\"Statement\":[{\"Sid\":\"\",\"Effect\":\"Allow\",\"Principal\":{\"Service\":\"dlm.amazonaws.com\"},\"Action\":\"sts:AssumeRole\"}]}",
            "create_date": "2021-07-23T18:34:39Z",
            "description": "",
            "force_detach_policies": false,
            "id": "sudoku",
            "inline_policy": [
              {
                "name": "sudoku",
                "policy": "{\n   \"Version\": \"2012-10-17\",\n   \"Statement\": [\n      {\n         \"Effect\": \"Allow\",\n         \"Action\": [\n            \"ec2:CopySnapshot\",\n            \"ec2:CreateSnapshot\",\n            \"ec2:DeleteSnapshot\",\n            \"ec2:DescribeVolumes\",\n            \"ec2:DescribeSnapshots\"\n         ],\n         \"Resource\": \"*\"\n      },\n      {\n         \"Effect\": \"Allow\",\n         \"Action\": [\n            \"ec2:CreateTags\"\n         ],\n         \"Resource\": \"arn:aws:ec2:*::snapshot/*\"\n      }\n   ]\n}\n"
              }
            ],
            "managed_policy_arns": [],
            "max_session_duration": 3600,
            "name": "sudoku",
            "name_prefix": null,
            "path": "/",
            "permissions_boundary": null,
            "tags": {},
            "tags_all": {
              "automation": "terraform",
              "automation.config": "sudoku/terraform"
            },
            "unique_id": "AROA3SRO2XZRVBD7LRXKX"
          },
          "sensitive_attributes": [],
          "private": "bnVsbA=="
        }
      ]
    },
    {
      "mode": "managed",
      "type": "aws_iam_role_policy",
      "name": "dlm_lifecycle",
      "provider": "provider[\"registry.terraform.io/hashicorp/aws\"]",
      "instances": [
        {
          "schema_version": 0,
          "attributes": {
            "id": "sudoku:sudoku",
            "name": "sudoku",
            "name_prefix": null,
            "policy": "{\n   \"Version\": \"2012-10-17\",\n   \"Statement\": [\n      {\n         \"Effect\": \"Allow\",\n         \"Action\": [\n            \"ec2:CopySnapshot\",\n            \"ec2:CreateSnapshot\",\n            \"ec2:DeleteSnapshot\",\n            \"ec2:DescribeVolumes\",\n            \"ec2:DescribeSnapshots\"\n         ],\n         \"Resource\": \"*\"\n      },\n      {\n         \"Effect\": \"Allow\",\n         \"Action\": [\n            \"ec2:CreateTags\"\n         ],\n         \"Resource\": \"arn:aws:ec2:*::snapshot/*\"\n      }\n   ]\n}\n",
            "role": "sudoku"
          },
          "sensitive_attributes": [],
          "private": "bnVsbA==",
          "dependencies": [
            "aws_iam_role.dlm_lifecycle"
          ]
        }
      ]
    },
    {
      "mode": "managed",
      "type": "aws_instance",
      "name": "sudoku",
      "provider": "provider[\"registry.terraform.io/hashicorp/aws\"]",
      "instances": [
        {
          "schema_version": 1,
          "attributes": {
            "ami": "ami-0a82127206c2824a1",
            "arn": "arn:aws:ec2:us-east-1:795740913251:instance/i-00267d2d2418ccd3c",
            "associate_public_ip_address": true,
            "availability_zone": "us-east-1c",
            "capacity_reservation_specification": [
              {
                "capacity_reservation_preference": "open",
                "capacity_reservation_target": []
              }
            ],
            "cpu_core_count": 2,
            "cpu_threads_per_core": 1,
            "credit_specification": [],
            "disable_api_termination": false,
            "ebs_block_device": [],
            "ebs_optimized": false,
            "enclave_options": [
              {
                "enabled": false
              }
            ],
            "ephemeral_block_device": [],
            "get_password_data": false,
            "hibernation": false,
            "host_id": null,
            "iam_instance_profile": "",
            "id": "i-00267d2d2418ccd3c",
            "instance_initiated_shutdown_behavior": "stop",
            "instance_state": "running",
            "instance_type": "t4g.medium",
            "ipv6_address_count": 0,
            "ipv6_addresses": [],
            "key_name": "default-key",
            "launch_template": [],
            "metadata_options": [
              {
                "http_endpoint": "enabled",
                "http_put_response_hop_limit": 1,
                "http_tokens": "optional"
              }
            ],
            "monitoring": false,
            "network_interface": [],
            "outpost_arn": "",
            "password_data": "",
            "placement_group": "",
            "primary_network_interface_id": "eni-06f5127efef0b38b0",
            "private_dns": "ip-10-0-6-212.ec2.internal",
            "private_ip": "10.0.6.212",
            "public_dns": "ec2-34-200-172-111.compute-1.amazonaws.com",
            "public_ip": "34.200.172.111",
            "root_block_device": [
              {
                "delete_on_termination": true,
                "device_name": "/dev/sda1",
                "encrypted": true,
                "iops": 3000,
                "kms_key_id": "arn:aws:kms:us-east-1:795740913251:key/a5083aa9-4ba7-4c2f-9a8e-3c7c47b18e47",
                "tags": {},
                "throughput": 125,
                "volume_id": "vol-08e043bda33d701ff",
                "volume_size": 50,
                "volume_type": "gp3"
              }
            ],
            "secondary_private_ips": [],
            "security_groups": [],
            "source_dest_check": true,
            "subnet_id": "subnet-0c6913a89c215350d",
            "tags": {
              "Name": "sudoku"
            },
            "tags_all": {
              "Name": "sudoku",
              "automation": "terraform",
              "automation.config": "sudoku/terraform"
            },
            "tenancy": "default",
            "timeouts": null,
            "user_data": null,
            "user_data_base64": null,
            "volume_tags": {
              "Name": "sudoku"
            },
            "vpc_security_group_ids": [
              "sg-0651d781d8f58fb54"
            ]
          },
          "sensitive_attributes": [],
          "private": "eyJlMmJmYjczMC1lY2FhLTExZTYtOGY4OC0zNDM2M2JjN2M0YzAiOnsiY3JlYXRlIjo2MDAwMDAwMDAwMDAsImRlbGV0ZSI6MTIwMDAwMDAwMDAwMCwidXBkYXRlIjo2MDAwMDAwMDAwMDB9LCJzY2hlbWFfdmVyc2lvbiI6IjEifQ==",
          "dependencies": [
            "module.vpc.aws_subnet.public",
            "module.vpc.aws_vpc.this",
            "module.vpc.aws_vpc_ipv4_cidr_block_association.this",
            "aws_security_group.sg_sudoku"
          ]
        }
      ]
    },
    {
      "mode": "managed",
      "type": "aws_key_pair",
      "name": "default",
      "provider": "provider[\"registry.terraform.io/hashicorp/aws\"]",
      "instances": [
        {
          "schema_version": 1,
          "attributes": {
            "arn": "arn:aws:ec2:us-east-1:795740913251:key-pair/default-key",
            "fingerprint": "7b:8f:5e:d5:b2:a3:b0:36:56:18:79:12:74:bc:d3:1e",
            "id": "default-key",
            "key_name": "default-key",
            "key_name_prefix": null,
            "key_pair_id": "key-0c7dba61e1e57bf6e",
            "public_key": "ssh-rsa AAAAB3NzaC1yc2EAAAADAQABAAABAQCy1CDRSzg9DEVZQ5fze52rjl6HjeiXFUQogKVR838mCrojPeHIeM/HYZ2ten7zFZ9vpwLA3hBf+z92FwN6lM4jEEz4VU15QDRFcLtEnsstOfp10sR0Kbnc7PhV79IlyYkRtHBDlW7unGbflIrFAA6PzQklFGJrGH/9unRcRkFLlOPd4MCiU3kORK+yDrDmDn+aT9ajHTY6XvjiYqWF3ThzXuvo1nRccb3SBvCddmi2MKoMPPq5Z6dJqDJkdWy9UXcT3QlsXE6XUL2GuL6oZ/e10mAad74VvtUAII7p7tHSLhZbrp+92MXq2dYC/wJapJZdXbEpycgcq2BmeKdKaqkF calebgosnell@Calebs-MacBook-Pro.local",
            "tags": {},
            "tags_all": {
              "automation": "terraform",
              "automation.config": "sudoku/terraform"
            }
          },
          "sensitive_attributes": [],
          "private": "eyJzY2hlbWFfdmVyc2lvbiI6IjEifQ=="
        }
      ]
    },
    {
      "mode": "managed",
      "type": "aws_security_group",
      "name": "sg_sudoku",
      "provider": "provider[\"registry.terraform.io/hashicorp/aws\"]",
      "instances": [
        {
          "schema_version": 1,
          "attributes": {
            "arn": "arn:aws:ec2:us-east-1:795740913251:security-group/sg-0651d781d8f58fb54",
            "description": "Access for ftp instances",
            "egress": [
              {
                "cidr_blocks": [
                  "0.0.0.0/0"
                ],
                "description": "",
                "from_port": 0,
                "ipv6_cidr_blocks": [
                  "::/0"
                ],
                "prefix_list_ids": [],
                "protocol": "-1",
                "security_groups": [],
                "self": false,
                "to_port": 0
              }
            ],
            "id": "sg-0651d781d8f58fb54",
            "ingress": [
              {
                "cidr_blocks": [
                  "0.0.0.0/0"
                ],
                "description": null,
                "from_port": 443,
                "ipv6_cidr_blocks": [
                  "::/0"
                ],
                "prefix_list_ids": [],
                "protocol": "tcp",
                "security_groups": [],
                "self": false,
                "to_port": 443
              },
              {
                "cidr_blocks": [
                  "0.0.0.0/0"
                ],
                "description": null,
                "from_port": 80,
                "ipv6_cidr_blocks": [
                  "::/0"
                ],
                "prefix_list_ids": [],
                "protocol": "tcp",
                "security_groups": [],
                "self": false,
                "to_port": 80
              },
              {
                "cidr_blocks": [
                  "0.0.0.0/0"
                ],
                "description": null,
                "from_port": 8443,
                "ipv6_cidr_blocks": [
                  "::/0"
                ],
                "prefix_list_ids": [],
                "protocol": "tcp",
                "security_groups": [],
                "self": false,
                "to_port": 8443
              },
              {
                "cidr_blocks": [
                  "47.227.66.10/32",
                  "174.202.71.24/32",
                  "198.102.151.243/32"
                ],
                "description": "",
                "from_port": 22,
                "ipv6_cidr_blocks": [],
                "prefix_list_ids": [],
                "protocol": "tcp",
                "security_groups": [],
                "self": false,
                "to_port": 22
              }
            ],
            "name": "sudoku",
            "name_prefix": "",
            "owner_id": "795740913251",
            "revoke_rules_on_delete": false,
            "tags": {},
            "tags_all": {
              "automation": "terraform",
              "automation.config": "sudoku/terraform"
            },
            "timeouts": null,
            "vpc_id": "vpc-040d73a61757dd46b"
          },
          "sensitive_attributes": [],
          "private": "eyJlMmJmYjczMC1lY2FhLTExZTYtOGY4OC0zNDM2M2JjN2M0YzAiOnsiY3JlYXRlIjo2MDAwMDAwMDAwMDAsImRlbGV0ZSI6OTAwMDAwMDAwMDAwfSwic2NoZW1hX3ZlcnNpb24iOiIxIn0=",
          "dependencies": [
            "module.vpc.aws_vpc.this"
          ]
        }
      ]
    },
    {
      "mode": "managed",
      "type": "local_file",
      "name": "ansible_inventory",
      "provider": "provider[\"registry.terraform.io/hashicorp/local\"]",
      "instances": [
        {
          "schema_version": 0,
          "attributes": {
            "content": "[all]\n34.200.172.111 ansible_user=ubuntu\n",
            "content_base64": null,
            "directory_permission": "0777",
            "file_permission": "0644",
            "filename": "../ansible/inventory-terraform",
            "id": "d429871ddb84a648be395c71568510805cd2e88a",
            "sensitive_content": null,
            "source": null
          },
          "sensitive_attributes": [],
          "private": "bnVsbA==",
          "dependencies": [
            "aws_eip.sudoku_ip"
          ]
        }
      ]
    },
    {
      "module": "module.vpc",
      "mode": "managed",
      "type": "aws_internet_gateway",
      "name": "this",
      "provider": "provider[\"registry.terraform.io/hashicorp/aws\"]",
      "instances": [
        {
          "index_key": 0,
          "schema_version": 0,
          "attributes": {
            "arn": "arn:aws:ec2:us-east-1:795740913251:internet-gateway/igw-07bef9b63c82a57f2",
            "id": "igw-07bef9b63c82a57f2",
            "owner_id": "795740913251",
            "tags": {
              "Name": "sudoku_vpc"
            },
            "tags_all": {
              "Name": "sudoku_vpc",
              "automation": "terraform",
              "automation.config": "sudoku/terraform"
            },
            "vpc_id": "vpc-040d73a61757dd46b"
          },
          "sensitive_attributes": [],
          "private": "bnVsbA==",
          "dependencies": [
            "module.vpc.aws_vpc.this",
            "module.vpc.aws_vpc_ipv4_cidr_block_association.this"
          ]
        }
      ]
    },
    {
      "module": "module.vpc",
      "mode": "managed",
      "type": "aws_route",
      "name": "public_internet_gateway",
      "provider": "provider[\"registry.terraform.io/hashicorp/aws\"]",
      "instances": [
        {
          "index_key": 0,
          "schema_version": 0,
          "attributes": {
            "carrier_gateway_id": "",
            "destination_cidr_block": "0.0.0.0/0",
            "destination_ipv6_cidr_block": "",
            "destination_prefix_list_id": "",
            "egress_only_gateway_id": "",
            "gateway_id": "igw-07bef9b63c82a57f2",
            "id": "r-rtb-04dcae8397e22322e1080289494",
            "instance_id": "",
            "instance_owner_id": "",
            "local_gateway_id": "",
            "nat_gateway_id": "",
            "network_interface_id": "",
            "origin": "CreateRoute",
            "route_table_id": "rtb-04dcae8397e22322e",
            "state": "active",
            "timeouts": {
              "create": "5m",
              "delete": null
            },
            "transit_gateway_id": "",
            "vpc_endpoint_id": "",
            "vpc_peering_connection_id": ""
          },
          "sensitive_attributes": [],
          "private": "eyJlMmJmYjczMC1lY2FhLTExZTYtOGY4OC0zNDM2M2JjN2M0YzAiOnsiY3JlYXRlIjozMDAwMDAwMDAwMDAsImRlbGV0ZSI6MzAwMDAwMDAwMDAwfX0=",
          "dependencies": [
            "module.vpc.aws_route_table.public",
            "module.vpc.aws_vpc.this",
            "module.vpc.aws_vpc_ipv4_cidr_block_association.this",
            "module.vpc.aws_internet_gateway.this"
          ]
        }
      ]
    },
    {
      "module": "module.vpc",
      "mode": "managed",
      "type": "aws_route_table",
      "name": "private",
      "provider": "provider[\"registry.terraform.io/hashicorp/aws\"]",
      "instances": [
        {
          "index_key": 0,
          "schema_version": 0,
          "attributes": {
            "arn": "arn:aws:ec2:us-east-1:795740913251:route-table/rtb-0eed4e1cdd148082f",
            "id": "rtb-0eed4e1cdd148082f",
            "owner_id": "795740913251",
            "propagating_vgws": [],
            "route": [],
            "tags": {
              "Name": "sudoku_vpc-private-us-east-1a"
            },
            "tags_all": {
              "Name": "sudoku_vpc-private-us-east-1a",
              "automation": "terraform",
              "automation.config": "sudoku/terraform"
            },
            "vpc_id": "vpc-040d73a61757dd46b"
          },
          "sensitive_attributes": [],
          "private": "bnVsbA==",
          "dependencies": [
            "module.vpc.aws_vpc.this",
            "module.vpc.aws_vpc_ipv4_cidr_block_association.this"
          ]
        },
        {
          "index_key": 1,
          "schema_version": 0,
          "attributes": {
            "arn": "arn:aws:ec2:us-east-1:795740913251:route-table/rtb-06e526827d6c3845d",
            "id": "rtb-06e526827d6c3845d",
            "owner_id": "795740913251",
            "propagating_vgws": [],
            "route": [],
            "tags": {
              "Name": "sudoku_vpc-private-us-east-1b"
            },
            "tags_all": {
              "Name": "sudoku_vpc-private-us-east-1b",
              "automation": "terraform",
              "automation.config": "sudoku/terraform"
            },
            "vpc_id": "vpc-040d73a61757dd46b"
          },
          "sensitive_attributes": [],
          "private": "bnVsbA==",
          "dependencies": [
            "module.vpc.aws_vpc.this",
            "module.vpc.aws_vpc_ipv4_cidr_block_association.this"
          ]
        },
        {
          "index_key": 2,
          "schema_version": 0,
          "attributes": {
            "arn": "arn:aws:ec2:us-east-1:795740913251:route-table/rtb-028756ad3d09cd4ed",
            "id": "rtb-028756ad3d09cd4ed",
            "owner_id": "795740913251",
            "propagating_vgws": [],
            "route": [],
            "tags": {
              "Name": "sudoku_vpc-private-us-east-1c"
            },
            "tags_all": {
              "Name": "sudoku_vpc-private-us-east-1c",
              "automation": "terraform",
              "automation.config": "sudoku/terraform"
            },
            "vpc_id": "vpc-040d73a61757dd46b"
          },
          "sensitive_attributes": [],
          "private": "bnVsbA==",
          "dependencies": [
            "module.vpc.aws_vpc.this",
            "module.vpc.aws_vpc_ipv4_cidr_block_association.this"
          ]
        }
      ]
    },
    {
      "module": "module.vpc",
      "mode": "managed",
      "type": "aws_route_table",
      "name": "public",
      "provider": "provider[\"registry.terraform.io/hashicorp/aws\"]",
      "instances": [
        {
          "index_key": 0,
          "schema_version": 0,
          "attributes": {
            "arn": "arn:aws:ec2:us-east-1:795740913251:route-table/rtb-04dcae8397e22322e",
            "id": "rtb-04dcae8397e22322e",
            "owner_id": "795740913251",
            "propagating_vgws": [],
            "route": [
              {
                "carrier_gateway_id": "",
                "cidr_block": "0.0.0.0/0",
                "destination_prefix_list_id": "",
                "egress_only_gateway_id": "",
                "gateway_id": "igw-07bef9b63c82a57f2",
                "instance_id": "",
                "ipv6_cidr_block": "",
                "local_gateway_id": "",
                "nat_gateway_id": "",
                "network_interface_id": "",
                "transit_gateway_id": "",
                "vpc_endpoint_id": "",
                "vpc_peering_connection_id": ""
              }
            ],
            "tags": {
              "Name": "sudoku_vpc-public"
            },
            "tags_all": {
              "Name": "sudoku_vpc-public",
              "automation": "terraform",
              "automation.config": "sudoku/terraform"
            },
            "vpc_id": "vpc-040d73a61757dd46b"
          },
          "sensitive_attributes": [],
          "private": "bnVsbA==",
          "dependencies": [
            "module.vpc.aws_vpc.this",
            "module.vpc.aws_vpc_ipv4_cidr_block_association.this"
          ]
        }
      ]
    },
    {
      "module": "module.vpc",
      "mode": "managed",
      "type": "aws_route_table_association",
      "name": "private",
      "provider": "provider[\"registry.terraform.io/hashicorp/aws\"]",
      "instances": [
        {
          "index_key": 0,
          "schema_version": 0,
          "attributes": {
            "gateway_id": "",
            "id": "rtbassoc-0cd3aa799bbd687a8",
            "route_table_id": "rtb-0eed4e1cdd148082f",
            "subnet_id": "subnet-031f3331d1755bf2f"
          },
          "sensitive_attributes": [],
          "private": "bnVsbA==",
          "dependencies": [
            "module.vpc.aws_route_table.private",
            "module.vpc.aws_subnet.private",
            "module.vpc.aws_vpc.this",
            "module.vpc.aws_vpc_ipv4_cidr_block_association.this"
          ]
        },
        {
          "index_key": 1,
          "schema_version": 0,
          "attributes": {
            "gateway_id": "",
            "id": "rtbassoc-0a9785cf439865bfb",
            "route_table_id": "rtb-06e526827d6c3845d",
            "subnet_id": "subnet-0845f38ab224d7644"
          },
          "sensitive_attributes": [],
          "private": "bnVsbA==",
          "dependencies": [
            "module.vpc.aws_route_table.private",
            "module.vpc.aws_subnet.private",
            "module.vpc.aws_vpc.this",
            "module.vpc.aws_vpc_ipv4_cidr_block_association.this"
          ]
        },
        {
          "index_key": 2,
          "schema_version": 0,
          "attributes": {
            "gateway_id": "",
            "id": "rtbassoc-0ca72b1da816a6d2c",
            "route_table_id": "rtb-028756ad3d09cd4ed",
            "subnet_id": "subnet-09e9e3b860be858e3"
          },
          "sensitive_attributes": [],
          "private": "bnVsbA==",
          "dependencies": [
            "module.vpc.aws_subnet.private",
            "module.vpc.aws_vpc.this",
            "module.vpc.aws_vpc_ipv4_cidr_block_association.this",
            "module.vpc.aws_route_table.private"
          ]
        }
      ]
    },
    {
      "module": "module.vpc",
      "mode": "managed",
      "type": "aws_route_table_association",
      "name": "public",
      "provider": "provider[\"registry.terraform.io/hashicorp/aws\"]",
      "instances": [
        {
          "index_key": 0,
          "schema_version": 0,
          "attributes": {
            "gateway_id": "",
            "id": "rtbassoc-01d9cd780790f9a6f",
            "route_table_id": "rtb-04dcae8397e22322e",
            "subnet_id": "subnet-026f8841be69cb761"
          },
          "sensitive_attributes": [],
          "private": "bnVsbA==",
          "dependencies": [
            "module.vpc.aws_subnet.public",
            "module.vpc.aws_vpc.this",
            "module.vpc.aws_vpc_ipv4_cidr_block_association.this",
            "module.vpc.aws_route_table.public"
          ]
        },
        {
          "index_key": 1,
          "schema_version": 0,
          "attributes": {
            "gateway_id": "",
            "id": "rtbassoc-04c2dbf4e0daf90e7",
            "route_table_id": "rtb-04dcae8397e22322e",
            "subnet_id": "subnet-07098c0ce6ad666b3"
          },
          "sensitive_attributes": [],
          "private": "bnVsbA==",
          "dependencies": [
            "module.vpc.aws_route_table.public",
            "module.vpc.aws_subnet.public",
            "module.vpc.aws_vpc.this",
            "module.vpc.aws_vpc_ipv4_cidr_block_association.this"
          ]
        },
        {
          "index_key": 2,
          "schema_version": 0,
          "attributes": {
            "gateway_id": "",
            "id": "rtbassoc-028cc97d8a6d4f87e",
            "route_table_id": "rtb-04dcae8397e22322e",
            "subnet_id": "subnet-0c6913a89c215350d"
          },
          "sensitive_attributes": [],
          "private": "bnVsbA==",
          "dependencies": [
            "module.vpc.aws_vpc.this",
            "module.vpc.aws_vpc_ipv4_cidr_block_association.this",
            "module.vpc.aws_route_table.public",
            "module.vpc.aws_subnet.public"
          ]
        }
      ]
    },
    {
      "module": "module.vpc",
      "mode": "managed",
      "type": "aws_subnet",
      "name": "private",
      "provider": "provider[\"registry.terraform.io/hashicorp/aws\"]",
      "instances": [
        {
          "index_key": 0,
          "schema_version": 1,
          "attributes": {
            "arn": "arn:aws:ec2:us-east-1:795740913251:subnet/subnet-031f3331d1755bf2f",
            "assign_ipv6_address_on_creation": false,
            "availability_zone": "us-east-1a",
            "availability_zone_id": "use1-az4",
            "cidr_block": "10.0.1.0/24",
            "customer_owned_ipv4_pool": "",
            "id": "subnet-031f3331d1755bf2f",
            "ipv6_cidr_block": "",
            "ipv6_cidr_block_association_id": "",
            "map_customer_owned_ip_on_launch": false,
            "map_public_ip_on_launch": false,
            "outpost_arn": "",
            "owner_id": "795740913251",
            "tags": {
              "Name": "sudoku_vpc-private-us-east-1a"
            },
            "tags_all": {
              "Name": "sudoku_vpc-private-us-east-1a",
              "automation": "terraform",
              "automation.config": "sudoku/terraform"
            },
            "timeouts": null,
            "vpc_id": "vpc-040d73a61757dd46b"
          },
          "sensitive_attributes": [],
          "private": "eyJlMmJmYjczMC1lY2FhLTExZTYtOGY4OC0zNDM2M2JjN2M0YzAiOnsiY3JlYXRlIjo2MDAwMDAwMDAwMDAsImRlbGV0ZSI6MTIwMDAwMDAwMDAwMH0sInNjaGVtYV92ZXJzaW9uIjoiMSJ9",
          "dependencies": [
            "module.vpc.aws_vpc.this",
            "module.vpc.aws_vpc_ipv4_cidr_block_association.this"
          ]
        },
        {
          "index_key": 1,
          "schema_version": 1,
          "attributes": {
            "arn": "arn:aws:ec2:us-east-1:795740913251:subnet/subnet-0845f38ab224d7644",
            "assign_ipv6_address_on_creation": false,
            "availability_zone": "us-east-1b",
            "availability_zone_id": "use1-az6",
            "cidr_block": "10.0.2.0/24",
            "customer_owned_ipv4_pool": "",
            "id": "subnet-0845f38ab224d7644",
            "ipv6_cidr_block": "",
            "ipv6_cidr_block_association_id": "",
            "map_customer_owned_ip_on_launch": false,
            "map_public_ip_on_launch": false,
            "outpost_arn": "",
            "owner_id": "795740913251",
            "tags": {
              "Name": "sudoku_vpc-private-us-east-1b"
            },
            "tags_all": {
              "Name": "sudoku_vpc-private-us-east-1b",
              "automation": "terraform",
              "automation.config": "sudoku/terraform"
            },
            "timeouts": null,
            "vpc_id": "vpc-040d73a61757dd46b"
          },
          "sensitive_attributes": [],
          "private": "eyJlMmJmYjczMC1lY2FhLTExZTYtOGY4OC0zNDM2M2JjN2M0YzAiOnsiY3JlYXRlIjo2MDAwMDAwMDAwMDAsImRlbGV0ZSI6MTIwMDAwMDAwMDAwMH0sInNjaGVtYV92ZXJzaW9uIjoiMSJ9",
          "dependencies": [
            "module.vpc.aws_vpc.this",
            "module.vpc.aws_vpc_ipv4_cidr_block_association.this"
          ]
        },
        {
          "index_key": 2,
          "schema_version": 1,
          "attributes": {
            "arn": "arn:aws:ec2:us-east-1:795740913251:subnet/subnet-09e9e3b860be858e3",
            "assign_ipv6_address_on_creation": false,
            "availability_zone": "us-east-1c",
            "availability_zone_id": "use1-az1",
            "cidr_block": "10.0.5.0/24",
            "customer_owned_ipv4_pool": "",
            "id": "subnet-09e9e3b860be858e3",
            "ipv6_cidr_block": "",
            "ipv6_cidr_block_association_id": "",
            "map_customer_owned_ip_on_launch": false,
            "map_public_ip_on_launch": false,
            "outpost_arn": "",
            "owner_id": "795740913251",
            "tags": {
              "Name": "sudoku_vpc-private-us-east-1c"
            },
            "tags_all": {
              "Name": "sudoku_vpc-private-us-east-1c",
              "automation": "terraform",
              "automation.config": "sudoku/terraform"
            },
            "timeouts": null,
            "vpc_id": "vpc-040d73a61757dd46b"
          },
          "sensitive_attributes": [],
          "private": "eyJlMmJmYjczMC1lY2FhLTExZTYtOGY4OC0zNDM2M2JjN2M0YzAiOnsiY3JlYXRlIjo2MDAwMDAwMDAwMDAsImRlbGV0ZSI6MTIwMDAwMDAwMDAwMH0sInNjaGVtYV92ZXJzaW9uIjoiMSJ9",
          "dependencies": [
            "module.vpc.aws_vpc.this",
            "module.vpc.aws_vpc_ipv4_cidr_block_association.this"
          ]
        }
      ]
    },
    {
      "module": "module.vpc",
      "mode": "managed",
      "type": "aws_subnet",
      "name": "public",
      "provider": "provider[\"registry.terraform.io/hashicorp/aws\"]",
      "instances": [
        {
          "index_key": 0,
          "schema_version": 1,
          "attributes": {
            "arn": "arn:aws:ec2:us-east-1:795740913251:subnet/subnet-026f8841be69cb761",
            "assign_ipv6_address_on_creation": false,
            "availability_zone": "us-east-1a",
            "availability_zone_id": "use1-az4",
            "cidr_block": "10.0.3.0/24",
            "customer_owned_ipv4_pool": "",
            "id": "subnet-026f8841be69cb761",
            "ipv6_cidr_block": "",
            "ipv6_cidr_block_association_id": "",
            "map_customer_owned_ip_on_launch": false,
            "map_public_ip_on_launch": true,
            "outpost_arn": "",
            "owner_id": "795740913251",
            "tags": {
              "Name": "sudoku_vpc-public-us-east-1a"
            },
            "tags_all": {
              "Name": "sudoku_vpc-public-us-east-1a",
              "automation": "terraform",
              "automation.config": "sudoku/terraform"
            },
            "timeouts": null,
            "vpc_id": "vpc-040d73a61757dd46b"
          },
          "sensitive_attributes": [],
          "private": "eyJlMmJmYjczMC1lY2FhLTExZTYtOGY4OC0zNDM2M2JjN2M0YzAiOnsiY3JlYXRlIjo2MDAwMDAwMDAwMDAsImRlbGV0ZSI6MTIwMDAwMDAwMDAwMH0sInNjaGVtYV92ZXJzaW9uIjoiMSJ9",
          "dependencies": [
            "module.vpc.aws_vpc.this",
            "module.vpc.aws_vpc_ipv4_cidr_block_association.this"
          ]
        },
        {
          "index_key": 1,
          "schema_version": 1,
          "attributes": {
            "arn": "arn:aws:ec2:us-east-1:795740913251:subnet/subnet-07098c0ce6ad666b3",
            "assign_ipv6_address_on_creation": false,
            "availability_zone": "us-east-1b",
            "availability_zone_id": "use1-az6",
            "cidr_block": "10.0.4.0/24",
            "customer_owned_ipv4_pool": "",
            "id": "subnet-07098c0ce6ad666b3",
            "ipv6_cidr_block": "",
            "ipv6_cidr_block_association_id": "",
            "map_customer_owned_ip_on_launch": false,
            "map_public_ip_on_launch": true,
            "outpost_arn": "",
            "owner_id": "795740913251",
            "tags": {
              "Name": "sudoku_vpc-public-us-east-1b"
            },
            "tags_all": {
              "Name": "sudoku_vpc-public-us-east-1b",
              "automation": "terraform",
              "automation.config": "sudoku/terraform"
            },
            "timeouts": null,
            "vpc_id": "vpc-040d73a61757dd46b"
          },
          "sensitive_attributes": [],
          "private": "eyJlMmJmYjczMC1lY2FhLTExZTYtOGY4OC0zNDM2M2JjN2M0YzAiOnsiY3JlYXRlIjo2MDAwMDAwMDAwMDAsImRlbGV0ZSI6MTIwMDAwMDAwMDAwMH0sInNjaGVtYV92ZXJzaW9uIjoiMSJ9",
          "dependencies": [
            "module.vpc.aws_vpc.this",
            "module.vpc.aws_vpc_ipv4_cidr_block_association.this"
          ]
        },
        {
          "index_key": 2,
          "schema_version": 1,
          "attributes": {
            "arn": "arn:aws:ec2:us-east-1:795740913251:subnet/subnet-0c6913a89c215350d",
            "assign_ipv6_address_on_creation": false,
            "availability_zone": "us-east-1c",
            "availability_zone_id": "use1-az1",
            "cidr_block": "10.0.6.0/24",
            "customer_owned_ipv4_pool": "",
            "id": "subnet-0c6913a89c215350d",
            "ipv6_cidr_block": "",
            "ipv6_cidr_block_association_id": "",
            "map_customer_owned_ip_on_launch": false,
            "map_public_ip_on_launch": true,
            "outpost_arn": "",
            "owner_id": "795740913251",
            "tags": {
              "Name": "sudoku_vpc-public-us-east-1c"
            },
            "tags_all": {
              "Name": "sudoku_vpc-public-us-east-1c",
              "automation": "terraform",
              "automation.config": "sudoku/terraform"
            },
            "timeouts": null,
            "vpc_id": "vpc-040d73a61757dd46b"
          },
          "sensitive_attributes": [],
          "private": "eyJlMmJmYjczMC1lY2FhLTExZTYtOGY4OC0zNDM2M2JjN2M0YzAiOnsiY3JlYXRlIjo2MDAwMDAwMDAwMDAsImRlbGV0ZSI6MTIwMDAwMDAwMDAwMH0sInNjaGVtYV92ZXJzaW9uIjoiMSJ9",
          "dependencies": [
            "module.vpc.aws_vpc_ipv4_cidr_block_association.this",
            "module.vpc.aws_vpc.this"
          ]
        }
      ]
    },
    {
      "module": "module.vpc",
      "mode": "managed",
      "type": "aws_vpc",
      "name": "this",
      "provider": "provider[\"registry.terraform.io/hashicorp/aws\"]",
      "instances": [
        {
          "index_key": 0,
          "schema_version": 1,
          "attributes": {
            "arn": "arn:aws:ec2:us-east-1:795740913251:vpc/vpc-040d73a61757dd46b",
            "assign_generated_ipv6_cidr_block": false,
            "cidr_block": "10.0.0.0/16",
            "default_network_acl_id": "acl-02c130c6bb9c647aa",
            "default_route_table_id": "rtb-06c3497156b1e61fe",
            "default_security_group_id": "sg-0489e13eeb7592c3f",
            "dhcp_options_id": "dopt-402d263a",
            "enable_classiclink": false,
            "enable_classiclink_dns_support": false,
            "enable_dns_hostnames": true,
            "enable_dns_support": true,
            "id": "vpc-040d73a61757dd46b",
            "instance_tenancy": "default",
            "ipv6_association_id": "",
            "ipv6_cidr_block": "",
            "main_route_table_id": "rtb-06c3497156b1e61fe",
            "owner_id": "795740913251",
            "tags": {
              "Name": "sudoku_vpc"
            },
            "tags_all": {
              "Name": "sudoku_vpc",
              "automation": "terraform",
              "automation.config": "sudoku/terraform"
            }
          },
          "sensitive_attributes": [],
          "private": "eyJzY2hlbWFfdmVyc2lvbiI6IjEifQ=="
        }
      ]
    }
  ]
}
